{
  "name": "cenozo",
  "version": "2.10",
  "lockfileVersion": 2,
  "requires": true,
  "packages": {
    "": {
      "name": "cenozo",
      "version": "2.10",
      "license": "GPL",
      "dependencies": {
        "@uirouter/angularjs": "1.0.22",
        "@uirouter/core": "5.0.23",
        "angular": "1.8.3",
        "angular-animate": "1.7.8",
        "angular-bootstrap-colorpicker": "3.0.32",
        "angular-sanitize": "1.7.8",
        "angular-ui-bootstrap": "2.5.6",
        "bootstrap": "3.4.1",
        "chart.js": "4.4.4",
        "diff": "8.0.3",
        "file-saver": "2.0.2",
        "fullcalendar": "3.10.1",
        "jquery": "3.4.1",
        "jsonpath": "1.2.0",
        "moment": "2.30.1",
        "moment-timezone": "0.5.35",
        "requirejs": "2.3.7",
        "signature_pad": "5.0.4"
      }
    },
    "node_modules/@kurkle/color": {
      "version": "0.3.4",
      "resolved": "https://registry.npmjs.org/@kurkle/color/-/color-0.3.4.tgz",
      "integrity": "sha512-M5UknZPHRu3DEDWoipU6sE8PdkZ6Z/S+v4dD+Ke8IaNlpdSQah50lz1KtcFBa2vsdOnwbbnxJwVM4wty6udA5w=="
    },
    "node_modules/@uirouter/angularjs": {
      "version": "1.0.22",
      "resolved": "https://registry.npmjs.org/@uirouter/angularjs/-/angularjs-1.0.22.tgz",
      "integrity": "sha512-d0SvdbXAav+Z6gCJd7gmn2eXEUtO3RvYcSLwtPaE8+7QiWHpSKNfGdD4D3noXhO2yUTz/AwaxsiRFMCwgVI0UQ==",
      "dependencies": {
        "@uirouter/core": "5.0.23"
      },
      "engines": {
        "node": ">=4.0.0"
      },
      "peerDependencies": {
        "angular": ">=1.2.0"
      }
    },
    "node_modules/@uirouter/core": {
      "version": "5.0.23",
      "resolved": "https://registry.npmjs.org/@uirouter/core/-/core-5.0.23.tgz",
      "integrity": "sha512-rwFOH++z/KY8y+h0IOpQ5uC8Nim6E0EBCQrIjhVCr+XKYXgpK+VdtuOLFdogvbJ3AAi5Z7ei00qdEr7Did5CAg==",
      "engines": {
        "node": ">=4.0.0"
      }
    },
    "node_modules/angular": {
      "version": "1.8.3",
      "resolved": "https://registry.npmjs.org/angular/-/angular-1.8.3.tgz",
      "integrity": "sha512-5qjkWIQQVsHj4Sb5TcEs4WZWpFeVFHXwxEBHUhrny41D8UrBAd6T/6nPPAsLngJCReIOqi95W3mxdveveutpZw==",
      "deprecated": "For the actively supported Angular, see https://www.npmjs.com/package/@angular/core. AngularJS support has officially ended. For extended AngularJS support options, see https://goo.gle/angularjs-path-forward."
    },
    "node_modules/angular-animate": {
      "version": "1.7.8",
      "resolved": "https://registry.npmjs.org/angular-animate/-/angular-animate-1.7.8.tgz",
      "integrity": "sha512-bINtzizq7TbJzfVrDpwLfTxVl0Qd7fRNWFb5jKYI1vaFZobQNX/QONXlLow6ySsDbZ6eLECycB7mvWtfh1YYaw==",
      "deprecated": "For the actively supported Angular, see https://www.npmjs.com/package/@angular/core. AngularJS support has officially ended. For extended AngularJS support options, see https://goo.gle/angularjs-path-forward."
    },
    "node_modules/angular-bootstrap-colorpicker": {
      "version": "3.0.32",
      "resolved": "https://registry.npmjs.org/angular-bootstrap-colorpicker/-/angular-bootstrap-colorpicker-3.0.32.tgz",
      "integrity": "sha512-5BRShlkKStFxnEz/hgvY9edlmRY2KJiIfDTt+nNT0jkM5PMe4qmDuARtaw73TjIKZyjUvjXv9yzheWvqDYcfEQ=="
    },
    "node_modules/angular-sanitize": {
      "version": "1.7.8",
      "resolved": "https://registry.npmjs.org/angular-sanitize/-/angular-sanitize-1.7.8.tgz",
      "integrity": "sha512-sVq51is1cVNiPytH4JIEd7iRW0OBIRQGNETWkz1c/jnLv2sBf9oDxEd8enwDz/W2ULBIpqJPK/3AsIxmZyh9pA==",
      "deprecated": "For the actively supported Angular, see https://www.npmjs.com/package/@angular/core. AngularJS support has officially ended. For extended AngularJS support options, see https://goo.gle/angularjs-path-forward."
    },
    "node_modules/angular-ui-bootstrap": {
      "version": "2.5.6",
      "resolved": "https://registry.npmjs.org/angular-ui-bootstrap/-/angular-ui-bootstrap-2.5.6.tgz",
      "integrity": "sha512-yzcHpPMLQl0232nDzm5P4iAFTFQ9dMw0QgFLuKYbDj9M0xJ62z0oudYD/Lvh1pWfRsukiytP4Xj6BHOSrSXP8A=="
    },
    "node_modules/bootstrap": {
      "version": "3.4.1",
      "resolved": "https://registry.npmjs.org/bootstrap/-/bootstrap-3.4.1.tgz",
      "integrity": "sha512-yN5oZVmRCwe5aKwzRj6736nSmKDX7pLYwsXiCj/EYmo16hODaBiT4En5btW/jhBF/seV+XMx3aYwukYC3A49DA==",
      "engines": {
        "node": ">=6"
      }
    },
    "node_modules/chart.js": {
      "version": "4.4.4",
      "resolved": "https://registry.npmjs.org/chart.js/-/chart.js-4.4.4.tgz",
      "integrity": "sha512-emICKGBABnxhMjUjlYRR12PmOXhJ2eJjEHL2/dZlWjxRAZT1D8xplLFq5M0tMQK8ja+wBS/tuVEJB5C6r7VxJA==",
      "dependencies": {
        "@kurkle/color": "^0.3.0"
      },
      "engines": {
        "pnpm": ">=8"
      }
    },
    "node_modules/diff": {
      "version": "8.0.3",
      "resolved": "https://registry.npmjs.org/diff/-/diff-8.0.3.tgz",
      "integrity": "sha512-qejHi7bcSD4hQAZE0tNAawRK1ZtafHDmMTMkrrIGgSLl7hTnQHmKCeB45xAcbfTqK2zowkM3j3bHt/4b/ARbYQ==",
      "engines": {
        "node": ">=0.3.1"
      }
    },
    "node_modules/escodegen": {
      "version": "2.1.0",
      "resolved": "https://registry.npmjs.org/escodegen/-/escodegen-2.1.0.tgz",
      "integrity": "sha512-2NlIDTwUWJN0mRPQOdtQBzbUHvdGY2P1VXSyU83Q3xKxM7WHX2Ql8dKq782Q9TgQUNOLEzEYu9bzLNj1q88I5w==",
      "dependencies": {
        "esprima": "^4.0.1",
        "estraverse": "^5.2.0",
        "esutils": "^2.0.2"
      },
      "bin": {
        "escodegen": "bin/escodegen.js",
        "esgenerate": "bin/esgenerate.js"
      },
      "engines": {
        "node": ">=6.0"
      },
      "optionalDependencies": {
        "source-map": "~0.6.1"
      }
    },
    "node_modules/escodegen/node_modules/esprima": {
      "version": "4.0.1",
      "resolved": "https://registry.npmjs.org/esprima/-/esprima-4.0.1.tgz",
      "integrity": "sha512-eGuFFw7Upda+g4p+QHvnW0RyTX/SVeJBDM/gCtMARO0cLuT2HcEKnTPvhjV6aGeqrCB/sbNop0Kszm0jsaWU4A==",
      "bin": {
        "esparse": "bin/esparse.js",
        "esvalidate": "bin/esvalidate.js"
      },
      "engines": {
        "node": ">=4"
      }
    },
    "node_modules/esprima": {
      "version": "1.2.5",
      "resolved": "https://registry.npmjs.org/esprima/-/esprima-1.2.5.tgz",
      "integrity": "sha512-S9VbPDU0adFErpDai3qDkjq8+G05ONtKzcyNrPKg/ZKa+tf879nX2KexNU95b31UoTJjRLInNBHHHjFPoCd7lQ==",
      "bin": {
        "esparse": "bin/esparse.js",
        "esvalidate": "bin/esvalidate.js"
      },
      "engines": {
        "node": ">=0.4.0"
      }
    },
    "node_modules/estraverse": {
      "version": "5.3.0",
      "resolved": "https://registry.npmjs.org/estraverse/-/estraverse-5.3.0.tgz",
      "integrity": "sha512-MMdARuVEQziNTeJD8DgMqmhwR11BRQ/cBP+pLtYdSTnf3MIO8fFeiINEbX36ZdNlfU/7A9f3gUw49B3oQsvwBA==",
      "engines": {
        "node": ">=4.0"
      }
    },
    "node_modules/esutils": {
      "version": "2.0.3",
      "resolved": "https://registry.npmjs.org/esutils/-/esutils-2.0.3.tgz",
      "integrity": "sha512-kVscqXk4OCp68SZ0dkgEKVi6/8ij300KBWTJq32P/dYeWTSwK41WyTxalN1eRmA5Z9UU/LX9D7FWSmV9SAYx6g==",
      "engines": {
        "node": ">=0.10.0"
      }
    },
    "node_modules/file-saver": {
      "version": "2.0.2",
      "resolved": "https://registry.npmjs.org/file-saver/-/file-saver-2.0.2.tgz",
      "integrity": "sha512-Wz3c3XQ5xroCxd1G8b7yL0Ehkf0TC9oYC6buPFkNnU9EnaPlifeAFCyCh+iewXTyFRcg0a6j3J7FmJsIhlhBdw=="
    },
    "node_modules/fullcalendar": {
      "version": "3.10.1",
      "resolved": "https://registry.npmjs.org/fullcalendar/-/fullcalendar-3.10.1.tgz",
      "integrity": "sha512-E0ioaHVmwdS4es8pNTUNva7505wPkUMFdn9JGFLYo+J12ARhN3zDBwoPj2DfB8rL7Yc1sSve+FqDHC3s2SZ7Fw==",
      "peerDependencies": {
        "jquery": "2 - 3",
        "moment": "^2.20.1"
      }
    },
    "node_modules/jquery": {
      "version": "3.4.1",
      "resolved": "https://registry.npmjs.org/jquery/-/jquery-3.4.1.tgz",
      "integrity": "sha512-36+AdBzCL+y6qjw5Tx7HgzeGCzC81MDDgaUP8ld2zhx58HdqXGoBd+tHdrBMiyjGQs0Hxs/MLZTu/eHNJJuWPw=="
    },
    "node_modules/jsonpath": {
      "version": "1.2.0",
      "resolved": "https://registry.npmjs.org/jsonpath/-/jsonpath-1.2.0.tgz",
      "integrity": "sha512-EVm29wT2coM0QfZd8TREEeMTOxZcyV3oCQ61AM0DrMkVaVCKXtPEm0oJccEbz5P9Oi+JwRkkIt0Bkn63gqCHjg==",
      "dependencies": {
        "esprima": "1.2.5",
        "static-eval": "2.1.1",
        "underscore": "1.13.6"
      }
    },
    "node_modules/moment": {
      "version": "2.30.1",
      "resolved": "https://registry.npmjs.org/moment/-/moment-2.30.1.tgz",
      "integrity": "sha512-uEmtNhbDOrWPFS+hdjFCBfy9f2YoyzRpwcl+DqpC6taX21FzsTLQVbMV/W7PzNSX6x/bhC1zA3c2UQ5NzH6how==",
      "engines": {
        "node": "*"
      }
    },
    "node_modules/moment-timezone": {
      "version": "0.5.35",
      "resolved": "https://registry.npmjs.org/moment-timezone/-/moment-timezone-0.5.35.tgz",
      "integrity": "sha512-cY/pBOEXepQvlgli06ttCTKcIf8cD1nmNwOKQQAdHBqYApQSpAqotBMX0RJZNgMp6i0PlZuf1mFtnlyEkwyvFw==",
      "dependencies": {
        "moment": ">= 2.9.0"
      },
      "engines": {
        "node": "*"
      }
    },
    "node_modules/requirejs": {
      "version": "2.3.7",
      "resolved": "https://registry.npmjs.org/requirejs/-/requirejs-2.3.7.tgz",
      "integrity": "sha512-DouTG8T1WanGok6Qjg2SXuCMzszOo0eHeH9hDZ5Y4x8Je+9JB38HdTLT4/VA8OaUhBa0JPVHJ0pyBkM1z+pDsw==",
      "bin": {
        "r_js": "bin/r.js",
        "r.js": "bin/r.js"
      },
      "engines": {
        "node": ">=0.4.0"
      }
    },
    "node_modules/signature_pad": {
      "version": "5.0.4",
      "resolved": "https://registry.npmjs.org/signature_pad/-/signature_pad-5.0.4.tgz",
      "integrity": "sha512-nngOixbwLAUOuH3QnZwlgwmynQblxmo4iWacKFwfymJfiY+Qt+9icNtcIe/okqXKun4hJ5QTFmHyC7dmv6lf2w=="
    },
    "node_modules/source-map": {
      "version": "0.6.1",
      "resolved": "https://registry.npmjs.org/source-map/-/source-map-0.6.1.tgz",
      "integrity": "sha512-UjgapumWlbMhkBgzT7Ykc5YXUT46F0iKu8SGXq0bcwP5dz/h0Plj6enJqjz1Zbq2l5WaqYnrVbwWOWMyF3F47g==",
      "optional": true,
      "engines": {
        "node": ">=0.10.0"
      }
    },
    "node_modules/static-eval": {
      "version": "2.1.1",
      "resolved": "https://registry.npmjs.org/static-eval/-/static-eval-2.1.1.tgz",
      "integrity": "sha512-MgWpQ/ZjGieSVB3eOJVs4OA2LT/q1vx98KPCTTQPzq/aLr0YUXTsgryTXr4SLfR0ZfUUCiedM9n/ABeDIyy4mA==",
      "dependencies": {
        "escodegen": "^2.1.0"
      }
    },
    "node_modules/underscore": {
      "version": "1.13.6",
      "resolved": "https://registry.npmjs.org/underscore/-/underscore-1.13.6.tgz",
      "integrity": "sha512-+A5Sja4HP1M08MaXya7p5LvjuM7K6q/2EaC0+iovj/wOcMsTzMvDFbasi/oSapiwOlt252IqsKqPjCl7huKS0A=="
    }
  },
  "dependencies": {
    "@kurkle/color": {
      "version": "0.3.4",
      "resolved": "https://registry.npmjs.org/@kurkle/color/-/color-0.3.4.tgz",
      "integrity": "sha512-M5UknZPHRu3DEDWoipU6sE8PdkZ6Z/S+v4dD+Ke8IaNlpdSQah50lz1KtcFBa2vsdOnwbbnxJwVM4wty6udA5w=="
    },
    "@uirouter/angularjs": {
      "version": "1.0.22",
      "resolved": "https://registry.npmjs.org/@uirouter/angularjs/-/angularjs-1.0.22.tgz",
      "integrity": "sha512-d0SvdbXAav+Z6gCJd7gmn2eXEUtO3RvYcSLwtPaE8+7QiWHpSKNfGdD4D3noXhO2yUTz/AwaxsiRFMCwgVI0UQ==",
      "requires": {
        "@uirouter/core": "5.0.23"
      }
    },
    "@uirouter/core": {
      "version": "5.0.23",
      "resolved": "https://registry.npmjs.org/@uirouter/core/-/core-5.0.23.tgz",
      "integrity": "sha512-rwFOH++z/KY8y+h0IOpQ5uC8Nim6E0EBCQrIjhVCr+XKYXgpK+VdtuOLFdogvbJ3AAi5Z7ei00qdEr7Did5CAg=="
    },
    "angular": {
      "version": "1.8.3",
      "resolved": "https://registry.npmjs.org/angular/-/angular-1.8.3.tgz",
      "integrity": "sha512-5qjkWIQQVsHj4Sb5TcEs4WZWpFeVFHXwxEBHUhrny41D8UrBAd6T/6nPPAsLngJCReIOqi95W3mxdveveutpZw=="
    },
    "angular-animate": {
      "version": "1.7.8",
      "resolved": "https://registry.npmjs.org/angular-animate/-/angular-animate-1.7.8.tgz",
      "integrity": "sha512-bINtzizq7TbJzfVrDpwLfTxVl0Qd7fRNWFb5jKYI1vaFZobQNX/QONXlLow6ySsDbZ6eLECycB7mvWtfh1YYaw=="
    },
    "angular-bootstrap-colorpicker": {
      "version": "3.0.32",
      "resolved": "https://registry.npmjs.org/angular-bootstrap-colorpicker/-/angular-bootstrap-colorpicker-3.0.32.tgz",
      "integrity": "sha512-5BRShlkKStFxnEz/hgvY9edlmRY2KJiIfDTt+nNT0jkM5PMe4qmDuARtaw73TjIKZyjUvjXv9yzheWvqDYcfEQ=="
    },
    "angular-sanitize": {
      "version": "1.7.8",
      "resolved": "https://registry.npmjs.org/angular-sanitize/-/angular-sanitize-1.7.8.tgz",
      "integrity": "sha512-sVq51is1cVNiPytH4JIEd7iRW0OBIRQGNETWkz1c/jnLv2sBf9oDxEd8enwDz/W2ULBIpqJPK/3AsIxmZyh9pA=="
    },
    "angular-ui-bootstrap": {
      "version": "2.5.6",
      "resolved": "https://registry.npmjs.org/angular-ui-bootstrap/-/angular-ui-bootstrap-2.5.6.tgz",
      "integrity": "sha512-yzcHpPMLQl0232nDzm5P4iAFTFQ9dMw0QgFLuKYbDj9M0xJ62z0oudYD/Lvh1pWfRsukiytP4Xj6BHOSrSXP8A=="
    },
    "bootstrap": {
      "version": "3.4.1",
      "resolved": "https://registry.npmjs.org/bootstrap/-/bootstrap-3.4.1.tgz",
      "integrity": "sha512-yN5oZVmRCwe5aKwzRj6736nSmKDX7pLYwsXiCj/EYmo16hODaBiT4En5btW/jhBF/seV+XMx3aYwukYC3A49DA=="
    },
    "chart.js": {
      "version": "4.4.4",
      "resolved": "https://registry.npmjs.org/chart.js/-/chart.js-4.4.4.tgz",
      "integrity": "sha512-emICKGBABnxhMjUjlYRR12PmOXhJ2eJjEHL2/dZlWjxRAZT1D8xplLFq5M0tMQK8ja+wBS/tuVEJB5C6r7VxJA==",
      "requires": {
        "@kurkle/color": "^0.3.0"
      }
    },
    "diff": {
      "version": "8.0.3",
      "resolved": "https://registry.npmjs.org/diff/-/diff-8.0.3.tgz",
      "integrity": "sha512-qejHi7bcSD4hQAZE0tNAawRK1ZtafHDmMTMkrrIGgSLl7hTnQHmKCeB45xAcbfTqK2zowkM3j3bHt/4b/ARbYQ=="
    },
    "escodegen": {
      "version": "2.1.0",
      "resolved": "https://registry.npmjs.org/escodegen/-/escodegen-2.1.0.tgz",
      "integrity": "sha512-2NlIDTwUWJN0mRPQOdtQBzbUHvdGY2P1VXSyU83Q3xKxM7WHX2Ql8dKq782Q9TgQUNOLEzEYu9bzLNj1q88I5w==",
      "requires": {
        "esprima": "^4.0.1",
        "estraverse": "^5.2.0",
        "esutils": "^2.0.2",
        "source-map": "~0.6.1"
      },
      "dependencies": {
        "esprima": {
          "version": "4.0.1",
          "resolved": "https://registry.npmjs.org/esprima/-/esprima-4.0.1.tgz",
          "integrity": "sha512-eGuFFw7Upda+g4p+QHvnW0RyTX/SVeJBDM/gCtMARO0cLuT2HcEKnTPvhjV6aGeqrCB/sbNop0Kszm0jsaWU4A=="
        }
      }
    },
    "esprima": {
      "version": "1.2.5",
      "resolved": "https://registry.npmjs.org/esprima/-/esprima-1.2.5.tgz",
      "integrity": "sha512-S9VbPDU0adFErpDai3qDkjq8+G05ONtKzcyNrPKg/ZKa+tf879nX2KexNU95b31UoTJjRLInNBHHHjFPoCd7lQ=="
    },
    "estraverse": {
      "version": "5.3.0",
      "resolved": "https://registry.npmjs.org/estraverse/-/estraverse-5.3.0.tgz",
      "integrity": "sha512-MMdARuVEQziNTeJD8DgMqmhwR11BRQ/cBP+pLtYdSTnf3MIO8fFeiINEbX36ZdNlfU/7A9f3gUw49B3oQsvwBA=="
    },
    "esutils": {
      "version": "2.0.3",
      "resolved": "https://registry.npmjs.org/esutils/-/esutils-2.0.3.tgz",
      "integrity": "sha512-kVscqXk4OCp68SZ0dkgEKVi6/8ij300KBWTJq32P/dYeWTSwK41WyTxalN1eRmA5Z9UU/LX9D7FWSmV9SAYx6g=="
    },
    "file-saver": {
      "version": "2.0.2",
      "resolved": "https://registry.npmjs.org/file-saver/-/file-saver-2.0.2.tgz",
      "integrity": "sha512-Wz3c3XQ5xroCxd1G8b7yL0Ehkf0TC9oYC6buPFkNnU9EnaPlifeAFCyCh+iewXTyFRcg0a6j3J7FmJsIhlhBdw=="
    },
    "fullcalendar": {
      "version": "3.10.1",
      "resolved": "https://registry.npmjs.org/fullcalendar/-/fullcalendar-3.10.1.tgz",
      "integrity": "sha512-E0ioaHVmwdS4es8pNTUNva7505wPkUMFdn9JGFLYo+J12ARhN3zDBwoPj2DfB8rL7Yc1sSve+FqDHC3s2SZ7Fw==",
      "requires": {}
    },
    "jquery": {
      "version": "3.4.1",
      "resolved": "https://registry.npmjs.org/jquery/-/jquery-3.4.1.tgz",
      "integrity": "sha512-36+AdBzCL+y6qjw5Tx7HgzeGCzC81MDDgaUP8ld2zhx58HdqXGoBd+tHdrBMiyjGQs0Hxs/MLZTu/eHNJJuWPw=="
    },
    "jsonpath": {
      "version": "1.2.0",
      "resolved": "https://registry.npmjs.org/jsonpath/-/jsonpath-1.2.0.tgz",
      "integrity": "sha512-EVm29wT2coM0QfZd8TREEeMTOxZcyV3oCQ61AM0DrMkVaVCKXtPEm0oJccEbz5P9Oi+JwRkkIt0Bkn63gqCHjg==",
      "requires": {
        "esprima": "1.2.5",
        "static-eval": "2.1.1",
        "underscore": "1.13.6"
      }
    },
    "moment": {
      "version": "2.30.1",
      "resolved": "https://registry.npmjs.org/moment/-/moment-2.30.1.tgz",
      "integrity": "sha512-uEmtNhbDOrWPFS+hdjFCBfy9f2YoyzRpwcl+DqpC6taX21FzsTLQVbMV/W7PzNSX6x/bhC1zA3c2UQ5NzH6how=="
    },
    "moment-timezone": {
      "version": "0.5.35",
      "resolved": "https://registry.npmjs.org/moment-timezone/-/moment-timezone-0.5.35.tgz",
      "integrity": "sha512-cY/pBOEXepQvlgli06ttCTKcIf8cD1nmNwOKQQAdHBqYApQSpAqotBMX0RJZNgMp6i0PlZuf1mFtnlyEkwyvFw==",
      "requires": {
        "moment": ">= 2.9.0"
      }
    },
    "requirejs": {
      "version": "2.3.7",
      "resolved": "https://registry.npmjs.org/requirejs/-/requirejs-2.3.7.tgz",
      "integrity": "sha512-DouTG8T1WanGok6Qjg2SXuCMzszOo0eHeH9hDZ5Y4x8Je+9JB38HdTLT4/VA8OaUhBa0JPVHJ0pyBkM1z+pDsw=="
    },
    "signature_pad": {
      "version": "5.0.4",
      "resolved": "https://registry.npmjs.org/signature_pad/-/signature_pad-5.0.4.tgz",
      "integrity": "sha512-nngOixbwLAUOuH3QnZwlgwmynQblxmo4iWacKFwfymJfiY+Qt+9icNtcIe/okqXKun4hJ5QTFmHyC7dmv6lf2w=="
    },
    "source-map": {
      "version": "0.6.1",
      "resolved": "https://registry.npmjs.org/source-map/-/source-map-0.6.1.tgz",
      "integrity": "sha512-UjgapumWlbMhkBgzT7Ykc5YXUT46F0iKu8SGXq0bcwP5dz/h0Plj6enJqjz1Zbq2l5WaqYnrVbwWOWMyF3F47g==",
      "optional": true
    },
    "static-eval": {
      "version": "2.1.1",
      "resolved": "https://registry.npmjs.org/static-eval/-/static-eval-2.1.1.tgz",
      "integrity": "sha512-MgWpQ/ZjGieSVB3eOJVs4OA2LT/q1vx98KPCTTQPzq/aLr0YUXTsgryTXr4SLfR0ZfUUCiedM9n/ABeDIyy4mA==",
      "requires": {
        "escodegen": "^2.1.0"
      }
    },
    "underscore": {
      "version": "1.13.6",
      "resolved": "https://registry.npmjs.org/underscore/-/underscore-1.13.6.tgz",
      "integrity": "sha512-+A5Sja4HP1M08MaXya7p5LvjuM7K6q/2EaC0+iovj/wOcMsTzMvDFbasi/oSapiwOlt252IqsKqPjCl7huKS0A=="
    }
  }
}
